
Microsoft Visual Studio Solution File, Format Version 12.00
# Visual Studio Version 17
VisualStudioVersion = 17.14.36518.9 d17.14
MinimumVisualStudioVersion = 10.0.40219.1
Project("{FAE04EC0-301F-11D3-BF4B-00C04F79EFBC}") = "oop_day04_part01", "oop_day04_part01\oop_day04_part01.csproj", "{62993A8A-1C72-446B-AA40-E9420D55D26C}"
EndProject
Global
	GlobalSection(SolutionConfigurationPlatforms) = preSolution
		Debug|Any CPU = Debug|Any CPU
		Release|Any CPU = Release|Any CPU
	EndGlobalSection
	GlobalSection(ProjectConfigurationPlatforms) = postSolution
		{62993A8A-1C72-446B-AA40-E9420D55D26C}.Debug|Any CPU.ActiveCfg = Debug|Any CPU
		{62993A8A-1C72-446B-AA40-E9420D55D26C}.Debug|Any CPU.Build.0 = Debug|Any CPU
		{62993A8A-1C72-446B-AA40-E9420D55D26C}.Release|Any CPU.ActiveCfg = Release|Any CPU
		{62993A8A-1C72-446B-AA40-E9420D55D26C}.Release|Any CPU.Build.0 = Release|Any CPU
	EndGlobalSection
	GlobalSection(SolutionProperties) = preSolution
		HideSolutionNode = FALSE
	EndGlobalSection
	GlobalSection(ExtensibilityGlobals) = postSolution
		SolutionGuid = {4706A712-A075-42EF-97A4-3677CCE60BD7}
	EndGlobalSection
EndGlobal
