
Microsoft Visual Studio Solution File, Format Version 12.00
# Visual Studio Version 17
VisualStudioVersion = 17.14.36518.9 d17.14
MinimumVisualStudioVersion = 10.0.40219.1
Project("{FAE04EC0-301F-11D3-BF4B-00C04F79EFBC}") = "oop_day07", "oop_day07\oop_day07.csproj", "{9B392DED-E8DC-4B6F-9EAB-6B1901588F20}"
EndProject
Global
	GlobalSection(SolutionConfigurationPlatforms) = preSolution
		Debug|Any CPU = Debug|Any CPU
		Release|Any CPU = Release|Any CPU
	EndGlobalSection
	GlobalSection(ProjectConfigurationPlatforms) = postSolution
		{9B392DED-E8DC-4B6F-9EAB-6B1901588F20}.Debug|Any CPU.ActiveCfg = Debug|Any CPU
		{9B392DED-E8DC-4B6F-9EAB-6B1901588F20}.Debug|Any CPU.Build.0 = Debug|Any CPU
		{9B392DED-E8DC-4B6F-9EAB-6B1901588F20}.Release|Any CPU.ActiveCfg = Release|Any CPU
		{9B392DED-E8DC-4B6F-9EAB-6B1901588F20}.Release|Any CPU.Build.0 = Release|Any CPU
	EndGlobalSection
	GlobalSection(SolutionProperties) = preSolution
		HideSolutionNode = FALSE
	EndGlobalSection
	GlobalSection(ExtensibilityGlobals) = postSolution
		SolutionGuid = {51A20725-ADBB-4927-90CC-3F297F159AAA}
	EndGlobalSection
EndGlobal
