
Microsoft Visual Studio Solution File, Format Version 12.00
# Visual Studio Version 17
VisualStudioVersion = 17.14.36518.9 d17.14
MinimumVisualStudioVersion = 10.0.40219.1
Project("{FAE04EC0-301F-11D3-BF4B-00C04F79EFBC}") = "oop_day05_part01", "oop_day05_part01\oop_day05_part01.csproj", "{2C4497E5-D368-4F18-B7E6-86970E969182}"
EndProject
Global
	GlobalSection(SolutionConfigurationPlatforms) = preSolution
		Debug|Any CPU = Debug|Any CPU
		Release|Any CPU = Release|Any CPU
	EndGlobalSection
	GlobalSection(ProjectConfigurationPlatforms) = postSolution
		{2C4497E5-D368-4F18-B7E6-86970E969182}.Debug|Any CPU.ActiveCfg = Debug|Any CPU
		{2C4497E5-D368-4F18-B7E6-86970E969182}.Debug|Any CPU.Build.0 = Debug|Any CPU
		{2C4497E5-D368-4F18-B7E6-86970E969182}.Release|Any CPU.ActiveCfg = Release|Any CPU
		{2C4497E5-D368-4F18-B7E6-86970E969182}.Release|Any CPU.Build.0 = Release|Any CPU
	EndGlobalSection
	GlobalSection(SolutionProperties) = preSolution
		HideSolutionNode = FALSE
	EndGlobalSection
	GlobalSection(ExtensibilityGlobals) = postSolution
		SolutionGuid = {F4515A87-DE4E-46D0-AE90-B5E42E32C6F1}
	EndGlobalSection
EndGlobal
